
Microsoft Visual Studio Solution File, Format Version 12.00
# Visual Studio Version 17
VisualStudioVersion = 17.5.002.0
MinimumVisualStudioVersion = 10.0.40219.1
Project("{9A19103F-16F7-4668-BE54-9A1E7A4F7556}") = "AreaTriangles", "AreaTriangles\AreaTriangles.csproj", "{6DC868B3-FDB3-450C-9A90-A80888807CFE}"
EndProject
Project("{9A19103F-16F7-4668-BE54-9A1E7A4F7556}") = "Initial", "Initial\Initial.csproj", "{80D49BE6-AEED-4AA1-8A28-DD3275A1C64C}"
EndProject
Project("{9A19103F-16F7-4668-BE54-9A1E7A4F7556}") = "Teste", "Teste\Teste.csproj", "{0E67C141-9C42-4DAE-BCE9-E559547D6723}"
EndProject
Project("{9A19103F-16F7-4668-BE54-9A1E7A4F7556}") = "Types", "Types\Types.csproj", "{F6C2CEA7-FE83-44BA-A69A-7DBD70A3DB9E}"
EndProject
Project("{FAE04EC0-301F-11D3-BF4B-00C04F79EFBC}") = "Products", "Products\Products.csproj", "{9C27B45F-F3FD-4642-990E-04E1D3705712}"
EndProject
Project("{FAE04EC0-301F-11D3-BF4B-00C04F79EFBC}") = "arrays", "arrays\arrays.csproj", "{5A4DE443-E360-4525-B60F-192B7F2C291B}"
EndProject
Project("{FAE04EC0-301F-11D3-BF4B-00C04F79EFBC}") = "Exe1", "Exe1\Exe1.csproj", "{43377D77-75E3-40EA-8355-36C117209EC1}"
EndProject
Project("{FAE04EC0-301F-11D3-BF4B-00C04F79EFBC}") = "Exe2", "Exe2\Exe2.csproj", "{D97C039C-8FF7-4E1D-BD1C-A1EFEA37C2C6}"
EndProject
Project("{FAE04EC0-301F-11D3-BF4B-00C04F79EFBC}") = "Exe3", "Exe3\Exe3.csproj", "{EF34FB68-DCBE-4561-89C5-C779DC396189}"
EndProject
Project("{FAE04EC0-301F-11D3-BF4B-00C04F79EFBC}") = "OverrideVsNew", "OverrideVsNew\OverrideVsNew.csproj", "{AAA3F0BB-749B-4800-9104-DA9E45AA28F1}"
EndProject
Project("{FAE04EC0-301F-11D3-BF4B-00C04F79EFBC}") = "AsyncWhenTest", "AsyncWhenTest\AsyncWhenTest.csproj", "{1D8F93A4-122C-440D-B690-FB25C236E1BA}"
EndProject
Project("{FAE04EC0-301F-11D3-BF4B-00C04F79EFBC}") = "AsyncWebClient", "AsyncWebClient\AsyncWebClient.csproj", "{A8E9639B-25B2-41D5-8001-D131FA8533E9}"
EndProject
Project("{FAE04EC0-301F-11D3-BF4B-00C04F79EFBC}") = "ParallelProgramming", "ParallelProgramming\ParallelProgramming.csproj", "{E3545C77-C69D-4799-A262-4196D4327DCC}"
EndProject
Global
	GlobalSection(SolutionConfigurationPlatforms) = preSolution
		Debug|Any CPU = Debug|Any CPU
		Release|Any CPU = Release|Any CPU
	EndGlobalSection
	GlobalSection(ProjectConfigurationPlatforms) = postSolution
		{6DC868B3-FDB3-450C-9A90-A80888807CFE}.Debug|Any CPU.ActiveCfg = Debug|Any CPU
		{6DC868B3-FDB3-450C-9A90-A80888807CFE}.Debug|Any CPU.Build.0 = Debug|Any CPU
		{6DC868B3-FDB3-450C-9A90-A80888807CFE}.Release|Any CPU.ActiveCfg = Release|Any CPU
		{6DC868B3-FDB3-450C-9A90-A80888807CFE}.Release|Any CPU.Build.0 = Release|Any CPU
		{80D49BE6-AEED-4AA1-8A28-DD3275A1C64C}.Debug|Any CPU.ActiveCfg = Debug|Any CPU
		{80D49BE6-AEED-4AA1-8A28-DD3275A1C64C}.Debug|Any CPU.Build.0 = Debug|Any CPU
		{80D49BE6-AEED-4AA1-8A28-DD3275A1C64C}.Release|Any CPU.ActiveCfg = Release|Any CPU
		{80D49BE6-AEED-4AA1-8A28-DD3275A1C64C}.Release|Any CPU.Build.0 = Release|Any CPU
		{0E67C141-9C42-4DAE-BCE9-E559547D6723}.Debug|Any CPU.ActiveCfg = Debug|Any CPU
		{0E67C141-9C42-4DAE-BCE9-E559547D6723}.Debug|Any CPU.Build.0 = Debug|Any CPU
		{0E67C141-9C42-4DAE-BCE9-E559547D6723}.Release|Any CPU.ActiveCfg = Release|Any CPU
		{0E67C141-9C42-4DAE-BCE9-E559547D6723}.Release|Any CPU.Build.0 = Release|Any CPU
		{F6C2CEA7-FE83-44BA-A69A-7DBD70A3DB9E}.Debug|Any CPU.ActiveCfg = Debug|Any CPU
		{F6C2CEA7-FE83-44BA-A69A-7DBD70A3DB9E}.Debug|Any CPU.Build.0 = Debug|Any CPU
		{F6C2CEA7-FE83-44BA-A69A-7DBD70A3DB9E}.Release|Any CPU.ActiveCfg = Release|Any CPU
		{F6C2CEA7-FE83-44BA-A69A-7DBD70A3DB9E}.Release|Any CPU.Build.0 = Release|Any CPU
		{9C27B45F-F3FD-4642-990E-04E1D3705712}.Debug|Any CPU.ActiveCfg = Debug|Any CPU
		{9C27B45F-F3FD-4642-990E-04E1D3705712}.Debug|Any CPU.Build.0 = Debug|Any CPU
		{9C27B45F-F3FD-4642-990E-04E1D3705712}.Release|Any CPU.ActiveCfg = Release|Any CPU
		{9C27B45F-F3FD-4642-990E-04E1D3705712}.Release|Any CPU.Build.0 = Release|Any CPU
		{5A4DE443-E360-4525-B60F-192B7F2C291B}.Debug|Any CPU.ActiveCfg = Debug|Any CPU
		{5A4DE443-E360-4525-B60F-192B7F2C291B}.Debug|Any CPU.Build.0 = Debug|Any CPU
		{5A4DE443-E360-4525-B60F-192B7F2C291B}.Release|Any CPU.ActiveCfg = Release|Any CPU
		{5A4DE443-E360-4525-B60F-192B7F2C291B}.Release|Any CPU.Build.0 = Release|Any CPU
		{43377D77-75E3-40EA-8355-36C117209EC1}.Debug|Any CPU.ActiveCfg = Debug|Any CPU
		{43377D77-75E3-40EA-8355-36C117209EC1}.Debug|Any CPU.Build.0 = Debug|Any CPU
		{43377D77-75E3-40EA-8355-36C117209EC1}.Release|Any CPU.ActiveCfg = Release|Any CPU
		{43377D77-75E3-40EA-8355-36C117209EC1}.Release|Any CPU.Build.0 = Release|Any CPU
		{D97C039C-8FF7-4E1D-BD1C-A1EFEA37C2C6}.Debug|Any CPU.ActiveCfg = Debug|Any CPU
		{D97C039C-8FF7-4E1D-BD1C-A1EFEA37C2C6}.Debug|Any CPU.Build.0 = Debug|Any CPU
		{D97C039C-8FF7-4E1D-BD1C-A1EFEA37C2C6}.Release|Any CPU.ActiveCfg = Release|Any CPU
		{D97C039C-8FF7-4E1D-BD1C-A1EFEA37C2C6}.Release|Any CPU.Build.0 = Release|Any CPU
		{EF34FB68-DCBE-4561-89C5-C779DC396189}.Debug|Any CPU.ActiveCfg = Debug|Any CPU
		{EF34FB68-DCBE-4561-89C5-C779DC396189}.Debug|Any CPU.Build.0 = Debug|Any CPU
		{EF34FB68-DCBE-4561-89C5-C779DC396189}.Release|Any CPU.ActiveCfg = Release|Any CPU
		{EF34FB68-DCBE-4561-89C5-C779DC396189}.Release|Any CPU.Build.0 = Release|Any CPU
		{AAA3F0BB-749B-4800-9104-DA9E45AA28F1}.Debug|Any CPU.ActiveCfg = Debug|Any CPU
		{AAA3F0BB-749B-4800-9104-DA9E45AA28F1}.Debug|Any CPU.Build.0 = Debug|Any CPU
		{AAA3F0BB-749B-4800-9104-DA9E45AA28F1}.Release|Any CPU.ActiveCfg = Release|Any CPU
		{AAA3F0BB-749B-4800-9104-DA9E45AA28F1}.Release|Any CPU.Build.0 = Release|Any CPU
		{1D8F93A4-122C-440D-B690-FB25C236E1BA}.Debug|Any CPU.ActiveCfg = Debug|Any CPU
		{1D8F93A4-122C-440D-B690-FB25C236E1BA}.Debug|Any CPU.Build.0 = Debug|Any CPU
		{1D8F93A4-122C-440D-B690-FB25C236E1BA}.Release|Any CPU.ActiveCfg = Release|Any CPU
		{1D8F93A4-122C-440D-B690-FB25C236E1BA}.Release|Any CPU.Build.0 = Release|Any CPU
		{A8E9639B-25B2-41D5-8001-D131FA8533E9}.Debug|Any CPU.ActiveCfg = Debug|Any CPU
		{A8E9639B-25B2-41D5-8001-D131FA8533E9}.Debug|Any CPU.Build.0 = Debug|Any CPU
		{A8E9639B-25B2-41D5-8001-D131FA8533E9}.Release|Any CPU.ActiveCfg = Release|Any CPU
		{A8E9639B-25B2-41D5-8001-D131FA8533E9}.Release|Any CPU.Build.0 = Release|Any CPU
		{E3545C77-C69D-4799-A262-4196D4327DCC}.Debug|Any CPU.ActiveCfg = Debug|Any CPU
		{E3545C77-C69D-4799-A262-4196D4327DCC}.Debug|Any CPU.Build.0 = Debug|Any CPU
		{E3545C77-C69D-4799-A262-4196D4327DCC}.Release|Any CPU.ActiveCfg = Release|Any CPU
		{E3545C77-C69D-4799-A262-4196D4327DCC}.Release|Any CPU.Build.0 = Release|Any CPU
	EndGlobalSection
	GlobalSection(SolutionProperties) = preSolution
		HideSolutionNode = FALSE
	EndGlobalSection
	GlobalSection(ExtensibilityGlobals) = postSolution
		SolutionGuid = {EDE5170B-1139-4779-9269-067CF21CEB27}
	EndGlobalSection
EndGlobal
